
Microsoft Visual Studio Solution File, Format Version 12.00
# Visual Studio Version 16
VisualStudioVersion = 16.0.29418.71
MinimumVisualStudioVersion = 10.0.40219.1
Project("{8BC9CEB8-8B4A-11D0-8D11-00A0C91BC942}") = "AlphaMilestone2.0", "AlphaMilestone2.0.vcxproj", "{C5352DC4-C1FC-4B23-8D63-F6384DCD96CA}"
EndProject
Global
	GlobalSection(SolutionConfigurationPlatforms) = preSolution
		Debug|x64 = Debug|x64
		Debug|x86 = Debug|x86
		Release|x64 = Release|x64
		Release|x86 = Release|x86
	EndGlobalSection
	GlobalSection(ProjectConfigurationPlatforms) = postSolution
		{C5352DC4-C1FC-4B23-8D63-F6384DCD96CA}.Debug|x64.ActiveCfg = Debug|x64
		{C5352DC4-C1FC-4B23-8D63-F6384DCD96CA}.Debug|x64.Build.0 = Debug|x64
		{C5352DC4-C1FC-4B23-8D63-F6384DCD96CA}.Debug|x86.ActiveCfg = Debug|Win32
		{C5352DC4-C1FC-4B23-8D63-F6384DCD96CA}.Debug|x86.Build.0 = Debug|Win32
		{C5352DC4-C1FC-4B23-8D63-F6384DCD96CA}.Release|x64.ActiveCfg = Release|x64
		{C5352DC4-C1FC-4B23-8D63-F6384DCD96CA}.Release|x64.Build.0 = Release|x64
		{C5352DC4-C1FC-4B23-8D63-F6384DCD96CA}.Release|x86.ActiveCfg = Release|Win32
		{C5352DC4-C1FC-4B23-8D63-F6384DCD96CA}.Release|x86.Build.0 = Release|Win32
	EndGlobalSection
	GlobalSection(SolutionProperties) = preSolution
		HideSolutionNode = FALSE
	EndGlobalSection
	GlobalSection(ExtensibilityGlobals) = postSolution
		SolutionGuid = {AD1F2CB8-68FB-4F09-86B2-741C1EEAD68E}
	EndGlobalSection
EndGlobal
